
Microsoft Visual Studio Solution File, Format Version 12.00
# Visual Studio Version 17
VisualStudioVersion = 17.12.35707.178 d17.12
MinimumVisualStudioVersion = 10.0.40219.1
Project("{FAE04EC0-301F-11D3-BF4B-00C04F79EFBC}") = "Dealership_W00391044", "Dealership_W00391044\Dealership_W00391044.csproj", "{AD2E92B0-A9C2-4AAF-B56B-85EE55042E79}"
EndProject
Global
	GlobalSection(SolutionConfigurationPlatforms) = preSolution
		Debug|Any CPU = Debug|Any CPU
		Release|Any CPU = Release|Any CPU
	EndGlobalSection
	GlobalSection(ProjectConfigurationPlatforms) = postSolution
		{AD2E92B0-A9C2-4AAF-B56B-85EE55042E79}.Debug|Any CPU.ActiveCfg = Debug|Any CPU
		{AD2E92B0-A9C2-4AAF-B56B-85EE55042E79}.Debug|Any CPU.Build.0 = Debug|Any CPU
		{AD2E92B0-A9C2-4AAF-B56B-85EE55042E79}.Release|Any CPU.ActiveCfg = Release|Any CPU
		{AD2E92B0-A9C2-4AAF-B56B-85EE55042E79}.Release|Any CPU.Build.0 = Release|Any CPU
	EndGlobalSection
	GlobalSection(SolutionProperties) = preSolution
		HideSolutionNode = FALSE
	EndGlobalSection
EndGlobal
